
Microsoft Visual Studio Solution File, Format Version 12.00
# Visual Studio Version 17
VisualStudioVersion = 17.2.32602.215
MinimumVisualStudioVersion = 10.0.40219.1
Project("{FAE04EC0-301F-11D3-BF4B-00C04F79EFBC}") = "HomeWork3", "HomeWork3\HomeWork3.csproj", "{B8DB0B22-ED8E-4467-BB27-95AA2058397F}"
EndProject
Global
	GlobalSection(SolutionConfigurationPlatforms) = preSolution
		Debug|Any CPU = Debug|Any CPU
		Release|Any CPU = Release|Any CPU
	EndGlobalSection
	GlobalSection(ProjectConfigurationPlatforms) = postSolution
		{B8DB0B22-ED8E-4467-BB27-95AA2058397F}.Debug|Any CPU.ActiveCfg = Debug|Any CPU
		{B8DB0B22-ED8E-4467-BB27-95AA2058397F}.Debug|Any CPU.Build.0 = Debug|Any CPU
		{B8DB0B22-ED8E-4467-BB27-95AA2058397F}.Release|Any CPU.ActiveCfg = Release|Any CPU
		{B8DB0B22-ED8E-4467-BB27-95AA2058397F}.Release|Any CPU.Build.0 = Release|Any CPU
	EndGlobalSection
	GlobalSection(SolutionProperties) = preSolution
		HideSolutionNode = FALSE
	EndGlobalSection
	GlobalSection(ExtensibilityGlobals) = postSolution
		SolutionGuid = {004386EB-1D8F-4BC5-A581-954A3C1EEEC5}
	EndGlobalSection
EndGlobal
